<?xml version="1.0" encoding="utf-8"?>
<Project ToolsVersion="4.0" xmlns="http://schemas.microsoft.com/developer/msbuild/2003">
  <ItemGroup>
    <Filter Include="Source Files">
      <UniqueIdentifier>{4FC737F1-C7A5-4376-A066-2A32D752A2FF}</UniqueIdentifier>
      <Extensions>cpp;c;cc;cxx;c++;cppm;ixx;def;odl;idl;hpj;bat;asm;asmx</Extensions>
    </Filter>
    <Filter Include="Header Files">
      <UniqueIdentifier>{93995380-89BD-4b04-88EB-625FBE52EBFB}</UniqueIdentifier>
      <Extensions>h;hh;hpp;hxx;h++;hm;inl;inc;ipp;xsd</Extensions>
    </Filter>
    <Filter Include="Resource Files">
      <UniqueIdentifier>{67DA6AB6-F800-4c08-8B7A-83BB121AAD01}</UniqueIdentifier>
      <Extensions>rc;ico;cur;bmp;dlg;rc2;rct;bin;rgs;gif;jpg;jpeg;jpe;resx;tiff;tif;png;wav;mfcribbon-ms</Extensions>
    </Filter>
  </ItemGroup>
  <ItemGroup>
    <ClCompile Include="main.cpp">
      <Filter>Source Files</Filter>
    </ClCompile>
    <ClCompile Include="ShaderProgram.cpp">
      <Filter>Source Files</Filter>
    </ClCompile>
    <ClCompile Include="SimplexMesh.cpp">
      <Filter>Source Files</Filter>
    </ClCompile>
    <ClCompile Include="PointMesh.cpp">
      <Filter>Source Files</Filter>
    </ClCompile>
    <ClCompile Include="SdlSystem.cpp">
      <Filter>Source Files</Filter>
    </ClCompile>
    <ClCompile Include="SdlOpenGlWindow.h">
      <Filter>Header Files</Filter>
    </ClCompile>
    <ClCompile Include="SdlOpenGlWindow.cpp">
      <Filter>Source Files</Filter>
    </ClCompile>
    <ClCompile Include="LogitDynamics.cpp">
      <Filter>Source Files</Filter>
    </ClCompile>
    <ClCompile Include="SimplexTrajectoryIntegrator.cpp">
      <Filter>Source Files</Filter>
    </ClCompile>
    <ClCompile Include="TrajectoryMesh.cpp">
      <Filter>Source Files</Filter>
    </ClCompile>
    <ClCompile Include="third_party\imgui\imgui.cpp">
      <Filter>Source Files</Filter>
    </ClCompile>
    <ClCompile Include="third_party\imgui\imgui_draw.cpp">
      <Filter>Source Files</Filter>
    </ClCompile>
    <ClCompile Include="third_party\imgui\imgui_tables.cpp">
      <Filter>Source Files</Filter>
    </ClCompile>
    <ClCompile Include="third_party\imgui\imgui_widgets.cpp">
      <Filter>Source Files</Filter>
    </ClCompile>
    <ClCompile Include="ImGuiLayer.cpp">
      <Filter>Source Files</Filter>
    </ClCompile>
    <ClCompile Include="third_party\imgui\backends\imgui_impl_opengl3.cpp">
      <Filter>Source Files</Filter>
    </ClCompile>
    <ClCompile Include="third_party\imgui\backends\imgui_impl_sdl3.cpp">
      <Filter>Source Files</Filter>
    </ClCompile>
    <ClCompile Include="SimulationSession.cpp">
      <Filter>Source Files</Filter>
    </ClCompile>
    <ClCompile Include="SimplexEquilibriumFinder.cpp">
      <Filter>Source Files</Filter>
    </ClCompile>
    <ClCompile Include="EquilibriumMesh.cpp">
      <Filter>Source Files</Filter>
    </ClCompile>
  </ItemGroup>
  <ItemGroup>
    <ClInclude Include="ShaderProgram.h">
      <Filter>Header Files</Filter>
    </ClInclude>
    <ClInclude Include="SimplexMesh.h">
      <Filter>Header Files</Filter>
    </ClInclude>
    <ClInclude Include="SimplexState.h">
      <Filter>Header Files</Filter>
    </ClInclude>
    <ClInclude Include="SimplexMapper.h">
      <Filter>Header Files</Filter>
    </ClInclude>
    <ClInclude Include="Vec2f.h">
      <Filter>Header Files</Filter>
    </ClInclude>
    <ClInclude Include="PointMesh.h">
      <Filter>Header Files</Filter>
    </ClInclude>
    <ClInclude Include="ShaderSources.h">
      <Filter>Header Files</Filter>
    </ClInclude>
    <ClInclude Include="SdlSystem.h">
      <Filter>Header Files</Filter>
    </ClInclude>
    <ClInclude Include="SimplexDerivative.h">
      <Filter>Header Files</Filter>
    </ClInclude>
    <ClInclude Include="OpggParameters.h">
      <Filter>Header Files</Filter>
    </ClInclude>
    <ClInclude Include="LogitDynamics.h">
      <Filter>Header Files</Filter>
    </ClInclude>
    <ClInclude Include="TrajectorySettings.h">
      <Filter>Header Files</Filter>
    </ClInclude>
    <ClInclude Include="SimplexDynamicModel.h">
      <Filter>Header Files</Filter>
    </ClInclude>
    <ClInclude Include="SimplexTrajectoryIntegrator.h">
      <Filter>Header Files</Filter>
    </ClInclude>
    <ClInclude Include="TrajectoryMesh.h">
      <Filter>Header Files</Filter>
    </ClInclude>
    <ClInclude Include="ImGuiLayer.h">
      <Filter>Header Files</Filter>
    </ClInclude>
    <ClInclude Include="SimulationSession.h">
      <Filter>Header Files</Filter>
    </ClInclude>
    <ClInclude Include="SimplexEquilibriumFinder.h">
      <Filter>Header Files</Filter>
    </ClInclude>
    <ClInclude Include="EquilibriumMesh.h">
      <Filter>Header Files</Filter>
    </ClInclude>
  </ItemGroup>
</Project>